
Microsoft Visual Studio Solution File, Format Version 12.00
# Visual Studio Version 16
VisualStudioVersion = 16.0.31605.320
MinimumVisualStudioVersion = 10.0.40219.1
Project("{9A19103F-16F7-4668-BE54-9A1E7A4F7556}") = "Business", "Business\Business.csproj", "{B53C5809-5D31-420B-9FDC-518D687E97B6}"
EndProject
Project("{9A19103F-16F7-4668-BE54-9A1E7A4F7556}") = "DataAccess", "DataAccess\DataAccess.csproj", "{5BF5E3FE-BC08-4C7F-8955-D0BE9FFC9A80}"
EndProject
Project("{9A19103F-16F7-4668-BE54-9A1E7A4F7556}") = "Entities", "Entities\Entities.csproj", "{004B0249-64C8-4843-A7E8-67DE56FD8295}"
EndProject
Project("{FAE04EC0-301F-11D3-BF4B-00C04F79EFBC}") = "Core", "Core\Core.csproj", "{4F32AC4B-8899-43E7-AAD3-5A9F30128354}"
EndProject
Project("{FAE04EC0-301F-11D3-BF4B-00C04F79EFBC}") = "RevitWebAPI", "RevitWebAPI\RevitWebAPI.csproj", "{709C8A3D-05D6-40A8-A1E6-4F4AD07E276A}"
EndProject
Global
	GlobalSection(SolutionConfigurationPlatforms) = preSolution
		Debug|Any CPU = Debug|Any CPU
		Release|Any CPU = Release|Any CPU
	EndGlobalSection
	GlobalSection(ProjectConfigurationPlatforms) = postSolution
		{B53C5809-5D31-420B-9FDC-518D687E97B6}.Debug|Any CPU.ActiveCfg = Debug|Any CPU
		{B53C5809-5D31-420B-9FDC-518D687E97B6}.Debug|Any CPU.Build.0 = Debug|Any CPU
		{B53C5809-5D31-420B-9FDC-518D687E97B6}.Release|Any CPU.ActiveCfg = Release|Any CPU
		{B53C5809-5D31-420B-9FDC-518D687E97B6}.Release|Any CPU.Build.0 = Release|Any CPU
		{5BF5E3FE-BC08-4C7F-8955-D0BE9FFC9A80}.Debug|Any CPU.ActiveCfg = Debug|Any CPU
		{5BF5E3FE-BC08-4C7F-8955-D0BE9FFC9A80}.Debug|Any CPU.Build.0 = Debug|Any CPU
		{5BF5E3FE-BC08-4C7F-8955-D0BE9FFC9A80}.Release|Any CPU.ActiveCfg = Release|Any CPU
		{5BF5E3FE-BC08-4C7F-8955-D0BE9FFC9A80}.Release|Any CPU.Build.0 = Release|Any CPU
		{004B0249-64C8-4843-A7E8-67DE56FD8295}.Debug|Any CPU.ActiveCfg = Debug|Any CPU
		{004B0249-64C8-4843-A7E8-67DE56FD8295}.Debug|Any CPU.Build.0 = Debug|Any CPU
		{004B0249-64C8-4843-A7E8-67DE56FD8295}.Release|Any CPU.ActiveCfg = Release|Any CPU
		{004B0249-64C8-4843-A7E8-67DE56FD8295}.Release|Any CPU.Build.0 = Release|Any CPU
		{4F32AC4B-8899-43E7-AAD3-5A9F30128354}.Debug|Any CPU.ActiveCfg = Debug|Any CPU
		{4F32AC4B-8899-43E7-AAD3-5A9F30128354}.Debug|Any CPU.Build.0 = Debug|Any CPU
		{4F32AC4B-8899-43E7-AAD3-5A9F30128354}.Release|Any CPU.ActiveCfg = Release|Any CPU
		{4F32AC4B-8899-43E7-AAD3-5A9F30128354}.Release|Any CPU.Build.0 = Release|Any CPU
		{709C8A3D-05D6-40A8-A1E6-4F4AD07E276A}.Debug|Any CPU.ActiveCfg = Debug|Any CPU
		{709C8A3D-05D6-40A8-A1E6-4F4AD07E276A}.Debug|Any CPU.Build.0 = Debug|Any CPU
		{709C8A3D-05D6-40A8-A1E6-4F4AD07E276A}.Release|Any CPU.ActiveCfg = Release|Any CPU
		{709C8A3D-05D6-40A8-A1E6-4F4AD07E276A}.Release|Any CPU.Build.0 = Release|Any CPU
	EndGlobalSection
	GlobalSection(SolutionProperties) = preSolution
		HideSolutionNode = FALSE
	EndGlobalSection
	GlobalSection(ExtensibilityGlobals) = postSolution
		SolutionGuid = {05DC0990-0AC0-497F-8770-B3F6ADD8DD52}
	EndGlobalSection
EndGlobal
